{
  "name": "goriv-wasm-harness",
  "version": "1.0.0",
  "lockfileVersion": 3,
  "requires": true,
  "packages": {
    "": {
      "name": "goriv-wasm-harness",
      "version": "1.0.0",
      "dependencies": {
        "@rive-app/canvas-advanced": "2.37.6"
      },
      "engines": {
        "node": ">=20"
      }
    },
    "node_modules/@rive-app/canvas-advanced": {
      "version": "2.37.6",
      "resolved": "https://registry.npmjs.org/@rive-app/canvas-advanced/-/canvas-advanced-2.37.6.tgz",
      "integrity": "sha512-hTOEX1EEi7iFf4oLjRS1/bPJNaStSdj/iTaelj9M6jNfcT2QKiKKJBrX7MkkWNOQuJv5RUvzUc7K/hOHs0TjJQ=="
    }
  }
}
